
Microsoft Visual Studio Solution File, Format Version 12.00
# Visual Studio Version 17
VisualStudioVersion = 17.13.35919.96
MinimumVisualStudioVersion = 10.0.40219.1
Project("{FAE04EC0-301F-11D3-BF4B-00C04F79EFBC}") = "WoodVision", "WoodVision.csproj", "{3DFC11D0-E754-4FAE-9781-B3B627E52C80}"
EndProject
Project("{FAE04EC0-301F-11D3-BF4B-00C04F79EFBC}") = "MLModel_WoodClassification_WebApi1", "..\MLModel_WoodClassification_WebApi1\MLModel_WoodClassification_WebApi1.csproj", "{C91D3322-CB58-2007-BFC0-C08985701C65}"
EndProject
Global
	GlobalSection(SolutionConfigurationPlatforms) = preSolution
		Debug|Any CPU = Debug|Any CPU
		Release|Any CPU = Release|Any CPU
	EndGlobalSection
	GlobalSection(ProjectConfigurationPlatforms) = postSolution
		{3DFC11D0-E754-4FAE-9781-B3B627E52C80}.Debug|Any CPU.ActiveCfg = Debug|Any CPU
		{3DFC11D0-E754-4FAE-9781-B3B627E52C80}.Debug|Any CPU.Build.0 = Debug|Any CPU
		{3DFC11D0-E754-4FAE-9781-B3B627E52C80}.Release|Any CPU.ActiveCfg = Release|Any CPU
		{3DFC11D0-E754-4FAE-9781-B3B627E52C80}.Release|Any CPU.Build.0 = Release|Any CPU
		{C91D3322-CB58-2007-BFC0-C08985701C65}.Debug|Any CPU.ActiveCfg = Debug|Any CPU
		{C91D3322-CB58-2007-BFC0-C08985701C65}.Debug|Any CPU.Build.0 = Debug|Any CPU
		{C91D3322-CB58-2007-BFC0-C08985701C65}.Release|Any CPU.ActiveCfg = Release|Any CPU
		{C91D3322-CB58-2007-BFC0-C08985701C65}.Release|Any CPU.Build.0 = Release|Any CPU
	EndGlobalSection
	GlobalSection(SolutionProperties) = preSolution
		HideSolutionNode = FALSE
	EndGlobalSection
	GlobalSection(ExtensibilityGlobals) = postSolution
		SolutionGuid = {FE382765-CF6E-404A-B7BE-94D0488B797E}
	EndGlobalSection
EndGlobal
